
Microsoft Visual Studio Solution File, Format Version 12.00
# Visual Studio Version 16
VisualStudioVersion = 16.0.31911.196
MinimumVisualStudioVersion = 10.0.40219.1
Project("{8BC9CEB8-8B4A-11D0-8D11-00A0C91BC942}") = "ME_Sandbox", "ME_Sandbox\ME_Sandbox.vcxproj", "{10670D89-8D4B-42B5-854D-1D42D94F3B94}"
EndProject
Project("{8BC9CEB8-8B4A-11D0-8D11-00A0C91BC942}") = "ME_Core", "ME_Core\ME_Core.vcxproj", "{9BD603D2-7779-41D5-992B-04FE776759FE}"
EndProject
Project("{8BC9CEB8-8B4A-11D0-8D11-00A0C91BC942}") = "ME_Testing", "ME_Testing\ME_Testing.vcxproj", "{18D3C794-C14F-4C0B-A9C1-D509DB3F905E}"
EndProject
Global
	GlobalSection(SolutionConfigurationPlatforms) = preSolution
		Debug|x64 = Debug|x64
		Debug|x86 = Debug|x86
		Release|x64 = Release|x64
		Release|x86 = Release|x86
	EndGlobalSection
	GlobalSection(ProjectConfigurationPlatforms) = postSolution
		{10670D89-8D4B-42B5-854D-1D42D94F3B94}.Debug|x64.ActiveCfg = Debug|x64
		{10670D89-8D4B-42B5-854D-1D42D94F3B94}.Debug|x64.Build.0 = Debug|x64
		{10670D89-8D4B-42B5-854D-1D42D94F3B94}.Debug|x86.ActiveCfg = Debug|x64
		{10670D89-8D4B-42B5-854D-1D42D94F3B94}.Release|x64.ActiveCfg = Release|x64
		{10670D89-8D4B-42B5-854D-1D42D94F3B94}.Release|x64.Build.0 = Release|x64
		{10670D89-8D4B-42B5-854D-1D42D94F3B94}.Release|x86.ActiveCfg = Release|x64
		{9BD603D2-7779-41D5-992B-04FE776759FE}.Debug|x64.ActiveCfg = Debug|x64
		{9BD603D2-7779-41D5-992B-04FE776759FE}.Debug|x64.Build.0 = Debug|x64
		{9BD603D2-7779-41D5-992B-04FE776759FE}.Debug|x86.ActiveCfg = Debug|x64
		{9BD603D2-7779-41D5-992B-04FE776759FE}.Release|x64.ActiveCfg = Release|x64
		{9BD603D2-7779-41D5-992B-04FE776759FE}.Release|x64.Build.0 = Release|x64
		{9BD603D2-7779-41D5-992B-04FE776759FE}.Release|x86.ActiveCfg = Release|x64
		{18D3C794-C14F-4C0B-A9C1-D509DB3F905E}.Debug|x64.ActiveCfg = Debug|x64
		{18D3C794-C14F-4C0B-A9C1-D509DB3F905E}.Debug|x64.Build.0 = Debug|x64
		{18D3C794-C14F-4C0B-A9C1-D509DB3F905E}.Debug|x86.ActiveCfg = Debug|x64
		{18D3C794-C14F-4C0B-A9C1-D509DB3F905E}.Release|x64.ActiveCfg = Release|x64
		{18D3C794-C14F-4C0B-A9C1-D509DB3F905E}.Release|x64.Build.0 = Release|x64
		{18D3C794-C14F-4C0B-A9C1-D509DB3F905E}.Release|x86.ActiveCfg = Release|x64
	EndGlobalSection
	GlobalSection(SolutionProperties) = preSolution
		HideSolutionNode = FALSE
	EndGlobalSection
	GlobalSection(ExtensibilityGlobals) = postSolution
		SolutionGuid = {0E9BFF33-965E-4590-B621-DE85AE31B8EA}
	EndGlobalSection
EndGlobal
